// !$*UTF8*$!
{
	archiveVersion = 1;
	classes = {
	};
	objectVersion = 46;
	objects = {

/* Begin PBXBuildFile section */
		1301F25319FE38000025FCCD /* CircleSpinnerView.m in Sources */ = {isa = PBXBuildFile; fileRef = 1301F25219FE38000025FCCD /* CircleSpinnerView.m */; };
		13021E8519FEA7F80023FDC9 /* LikeButton.m in Sources */ = {isa = PBXBuildFile; fileRef = 13021E8419FEA7F80023FDC9 /* LikeButton.m */; };
		13213AF619F7712600D5BF4B /* LoginViewController.m in Sources */ = {isa = PBXBuildFile; fileRef = 13213AF519F7712600D5BF4B /* LoginViewController.m */; };
		133254FC19F4BAB700617E5B /* MediaTableViewCell.m in Sources */ = {isa = PBXBuildFile; fileRef = 133254FB19F4BAB700617E5B /* MediaTableViewCell.m */; };
		1359CBEF19FA346F008350A1 /* MediaFullScreenViewController.m in Sources */ = {isa = PBXBuildFile; fileRef = 1359CBEE19FA346F008350A1 /* MediaFullScreenViewController.m */; };
		1359CBF219FA4A57008350A1 /* MediaFullScreenAnimator.m in Sources */ = {isa = PBXBuildFile; fileRef = 1359CBF119FA4A57008350A1 /* MediaFullScreenAnimator.m */; };
		1399424219FFC2A80031F194 /* ComposeCommentView.m in Sources */ = {isa = PBXBuildFile; fileRef = 1399424119FFC2A80031F194 /* ComposeCommentView.m */; };
		139942451A00BE6A0031F194 /* CameraToolbar.m in Sources */ = {isa = PBXBuildFile; fileRef = 139942441A00BE6A0031F194 /* CameraToolbar.m */; };
		139942481A00CDEE0031F194 /* CameraViewController.m in Sources */ = {isa = PBXBuildFile; fileRef = 139942471A00CDEE0031F194 /* CameraViewController.m */; };
		1399424B1A014DFF0031F194 /* UIImage+ImageUtilities.m in Sources */ = {isa = PBXBuildFile; fileRef = 1399424A1A014DFF0031F194 /* UIImage+ImageUtilities.m */; };
		13A228A21A02014C00AA8C46 /* CropBox.m in Sources */ = {isa = PBXBuildFile; fileRef = 13A228A11A02014C00AA8C46 /* CropBox.m */; };
		13A228A51A02060600AA8C46 /* CropImageViewController.m in Sources */ = {isa = PBXBuildFile; fileRef = 13A228A41A02060600AA8C46 /* CropImageViewController.m */; };
		13A228A81A022C4600AA8C46 /* ImageLibraryViewController.m in Sources */ = {isa = PBXBuildFile; fileRef = 13A228A71A022C4600AA8C46 /* ImageLibraryViewController.m */; };
		13A228AE1A0267C400AA8C46 /* PostToInstagramViewController.m in Sources */ = {isa = PBXBuildFile; fileRef = 13A228AD1A0267C400AA8C46 /* PostToInstagramViewController.m */; };
		13A228B01A0289B200AA8C46 /* Default-568h@2x.png in Resources */ = {isa = PBXBuildFile; fileRef = 13A228AF1A0289B200AA8C46 /* Default-568h@2x.png */; };
		13A228B31A037FDC00AA8C46 /* UserTests.m in Sources */ = {isa = PBXBuildFile; fileRef = 13A228B21A037FDC00AA8C46 /* UserTests.m */; };
		13EF422B19ED80DA001285AA /* main.m in Sources */ = {isa = PBXBuildFile; fileRef = 13EF422A19ED80DA001285AA /* main.m */; };
		13EF422E19ED80DA001285AA /* AppDelegate.m in Sources */ = {isa = PBXBuildFile; fileRef = 13EF422D19ED80DA001285AA /* AppDelegate.m */; };
		13EF423119ED80DA001285AA /* ViewController.m in Sources */ = {isa = PBXBuildFile; fileRef = 13EF423019ED80DA001285AA /* ViewController.m */; };
		13EF423619ED80DA001285AA /* Images.xcassets in Resources */ = {isa = PBXBuildFile; fileRef = 13EF423519ED80DA001285AA /* Images.xcassets */; };
		13EF424519ED80DA001285AA /* BlocstagramTests.m in Sources */ = {isa = PBXBuildFile; fileRef = 13EF424419ED80DA001285AA /* BlocstagramTests.m */; };
		13EF425919ED82D4001285AA /* 1.jpg in Resources */ = {isa = PBXBuildFile; fileRef = 13EF424F19ED82D4001285AA /* 1.jpg */; };
		13EF425A19ED82D4001285AA /* 2.jpg in Resources */ = {isa = PBXBuildFile; fileRef = 13EF425019ED82D4001285AA /* 2.jpg */; };
		13EF425B19ED82D4001285AA /* 3.jpg in Resources */ = {isa = PBXBuildFile; fileRef = 13EF425119ED82D4001285AA /* 3.jpg */; };
		13EF425C19ED82D4001285AA /* 4.jpg in Resources */ = {isa = PBXBuildFile; fileRef = 13EF425219ED82D4001285AA /* 4.jpg */; };
		13EF425D19ED82D4001285AA /* 5.jpg in Resources */ = {isa = PBXBuildFile; fileRef = 13EF425319ED82D4001285AA /* 5.jpg */; };
		13EF425E19ED82D4001285AA /* 6.jpg in Resources */ = {isa = PBXBuildFile; fileRef = 13EF425419ED82D4001285AA /* 6.jpg */; };
		13EF425F19ED82D4001285AA /* 7.jpg in Resources */ = {isa = PBXBuildFile; fileRef = 13EF425519ED82D4001285AA /* 7.jpg */; };
		13EF426019ED82D4001285AA /* 8.jpg in Resources */ = {isa = PBXBuildFile; fileRef = 13EF425619ED82D4001285AA /* 8.jpg */; };
		13EF426119ED82D4001285AA /* 9.jpg in Resources */ = {isa = PBXBuildFile; fileRef = 13EF425719ED82D4001285AA /* 9.jpg */; };
		13EF426219ED82D4001285AA /* 10.jpg in Resources */ = {isa = PBXBuildFile; fileRef = 13EF425819ED82D4001285AA /* 10.jpg */; };
		13EF426519ED8310001285AA /* ImagesTableViewController.m in Sources */ = {isa = PBXBuildFile; fileRef = 13EF426419ED8310001285AA /* ImagesTableViewController.m */; };
		13F052FA19F3911C0056940C /* User.m in Sources */ = {isa = PBXBuildFile; fileRef = 13F052F919F3911C0056940C /* User.m */; };
		13F052FD19F391F70056940C /* Media.m in Sources */ = {isa = PBXBuildFile; fileRef = 13F052FC19F391F70056940C /* Media.m */; };
		13F0530019F393000056940C /* Comment.m in Sources */ = {isa = PBXBuildFile; fileRef = 13F052FF19F393000056940C /* Comment.m */; };
		13F0530319F393AD0056940C /* DataSource.m in Sources */ = {isa = PBXBuildFile; fileRef = 13F0530219F393AD0056940C /* DataSource.m */; };
		862C9AD87875283D9D06B124 /* libPods.a in Frameworks */ = {isa = PBXBuildFile; fileRef = 948783B4648A329915F39C35 /* libPods.a */; };
/* End PBXBuildFile section */

/* Begin PBXContainerItemProxy section */
		13EF423F19ED80DA001285AA /* PBXContainerItemProxy */ = {
			isa = PBXContainerItemProxy;
			containerPortal = 13EF421D19ED80DA001285AA /* Project object */;
			proxyType = 1;
			remoteGlobalIDString = 13EF422419ED80DA001285AA;
			remoteInfo = Blocstagram;
		};
/* End PBXContainerItemProxy section */

/* Begin PBXFileReference section */
		1301F25119FE38000025FCCD /* CircleSpinnerView.h */ = {isa = PBXFileReference; fileEncoding = 4; lastKnownFileType = sourcecode.c.h; path = CircleSpinnerView.h; sourceTree = "<group>"; };
		1301F25219FE38000025FCCD /* CircleSpinnerView.m */ = {isa = PBXFileReference; fileEncoding = 4; lastKnownFileType = sourcecode.c.objc; path = CircleSpinnerView.m; sourceTree = "<group>"; };
		13021E8319FEA7F80023FDC9 /* LikeButton.h */ = {isa = PBXFileReference; fileEncoding = 4; lastKnownFileType = sourcecode.c.h; path = LikeButton.h; sourceTree = "<group>"; };
		13021E8419FEA7F80023FDC9 /* LikeButton.m */ = {isa = PBXFileReference; fileEncoding = 4; lastKnownFileType = sourcecode.c.objc; path = LikeButton.m; sourceTree = "<group>"; };
		13213AF419F7712600D5BF4B /* LoginViewController.h */ = {isa = PBXFileReference; fileEncoding = 4; lastKnownFileType = sourcecode.c.h; path = LoginViewController.h; sourceTree = "<group>"; };
		13213AF519F7712600D5BF4B /* LoginViewController.m */ = {isa = PBXFileReference; fileEncoding = 4; lastKnownFileType = sourcecode.c.objc; path = LoginViewController.m; sourceTree = "<group>"; };
		133254FA19F4BAB700617E5B /* MediaTableViewCell.h */ = {isa = PBXFileReference; fileEncoding = 4; lastKnownFileType = sourcecode.c.h; path = MediaTableViewCell.h; sourceTree = "<group>"; };
		133254FB19F4BAB700617E5B /* MediaTableViewCell.m */ = {isa = PBXFileReference; fileEncoding = 4; lastKnownFileType = sourcecode.c.objc; path = MediaTableViewCell.m; sourceTree = "<group>"; };
		1359CBED19FA346F008350A1 /* MediaFullScreenViewController.h */ = {isa = PBXFileReference; fileEncoding = 4; lastKnownFileType = sourcecode.c.h; path = MediaFullScreenViewController.h; sourceTree = "<group>"; };
		1359CBEE19FA346F008350A1 /* MediaFullScreenViewController.m */ = {isa = PBXFileReference; fileEncoding = 4; lastKnownFileType = sourcecode.c.objc; path = MediaFullScreenViewController.m; sourceTree = "<group>"; };
		1359CBF019FA4A57008350A1 /* MediaFullScreenAnimator.h */ = {isa = PBXFileReference; fileEncoding = 4; lastKnownFileType = sourcecode.c.h; path = MediaFullScreenAnimator.h; sourceTree = "<group>"; };
		1359CBF119FA4A57008350A1 /* MediaFullScreenAnimator.m */ = {isa = PBXFileReference; fileEncoding = 4; lastKnownFileType = sourcecode.c.objc; path = MediaFullScreenAnimator.m; sourceTree = "<group>"; };
		1399424019FFC2A80031F194 /* ComposeCommentView.h */ = {isa = PBXFileReference; fileEncoding = 4; lastKnownFileType = sourcecode.c.h; path = ComposeCommentView.h; sourceTree = "<group>"; };
		1399424119FFC2A80031F194 /* ComposeCommentView.m */ = {isa = PBXFileReference; fileEncoding = 4; lastKnownFileType = sourcecode.c.objc; path = ComposeCommentView.m; sourceTree = "<group>"; };
		139942431A00BE6A0031F194 /* CameraToolbar.h */ = {isa = PBXFileReference; fileEncoding = 4; lastKnownFileType = sourcecode.c.h; path = CameraToolbar.h; sourceTree = "<group>"; };
		139942441A00BE6A0031F194 /* CameraToolbar.m */ = {isa = PBXFileReference; fileEncoding = 4; lastKnownFileType = sourcecode.c.objc; path = CameraToolbar.m; sourceTree = "<group>"; };
		139942461A00CDEE0031F194 /* CameraViewController.h */ = {isa = PBXFileReference; fileEncoding = 4; lastKnownFileType = sourcecode.c.h; path = CameraViewController.h; sourceTree = "<group>"; };
		139942471A00CDEE0031F194 /* CameraViewController.m */ = {isa = PBXFileReference; fileEncoding = 4; lastKnownFileType = sourcecode.c.objc; path = CameraViewController.m; sourceTree = "<group>"; };
		139942491A014DFF0031F194 /* UIImage+ImageUtilities.h */ = {isa = PBXFileReference; fileEncoding = 4; lastKnownFileType = sourcecode.c.h; path = "UIImage+ImageUtilities.h"; sourceTree = "<group>"; };
		1399424A1A014DFF0031F194 /* UIImage+ImageUtilities.m */ = {isa = PBXFileReference; fileEncoding = 4; lastKnownFileType = sourcecode.c.objc; path = "UIImage+ImageUtilities.m"; sourceTree = "<group>"; };
		13A228A01A02014C00AA8C46 /* CropBox.h */ = {isa = PBXFileReference; fileEncoding = 4; lastKnownFileType = sourcecode.c.h; path = CropBox.h; sourceTree = "<group>"; };
		13A228A11A02014C00AA8C46 /* CropBox.m */ = {isa = PBXFileReference; fileEncoding = 4; lastKnownFileType = sourcecode.c.objc; path = CropBox.m; sourceTree = "<group>"; };
		13A228A31A02060600AA8C46 /* CropImageViewController.h */ = {isa = PBXFileReference; fileEncoding = 4; lastKnownFileType = sourcecode.c.h; path = CropImageViewController.h; sourceTree = "<group>"; };
		13A228A41A02060600AA8C46 /* CropImageViewController.m */ = {isa = PBXFileReference; fileEncoding = 4; lastKnownFileType = sourcecode.c.objc; path = CropImageViewController.m; sourceTree = "<group>"; };
		13A228A61A022C4600AA8C46 /* ImageLibraryViewController.h */ = {isa = PBXFileReference; fileEncoding = 4; lastKnownFileType = sourcecode.c.h; path = ImageLibraryViewController.h; sourceTree = "<group>"; };
		13A228A71A022C4600AA8C46 /* ImageLibraryViewController.m */ = {isa = PBXFileReference; fileEncoding = 4; lastKnownFileType = sourcecode.c.objc; path = ImageLibraryViewController.m; sourceTree = "<group>"; };
		13A228AC1A0267C400AA8C46 /* PostToInstagramViewController.h */ = {isa = PBXFileReference; fileEncoding = 4; lastKnownFileType = sourcecode.c.h; path = PostToInstagramViewController.h; sourceTree = "<group>"; };
		13A228AD1A0267C400AA8C46 /* PostToInstagramViewController.m */ = {isa = PBXFileReference; fileEncoding = 4; lastKnownFileType = sourcecode.c.objc; path = PostToInstagramViewController.m; sourceTree = "<group>"; };
		13A228AF1A0289B200AA8C46 /* Default-568h@2x.png */ = {isa = PBXFileReference; lastKnownFileType = image.png; path = "Default-568h@2x.png"; sourceTree = "<group>"; };
		13A228B11A03569B00AA8C46 /* Blocstagram-Prefix.pch */ = {isa = PBXFileReference; fileEncoding = 4; lastKnownFileType = sourcecode.c.h; name = "Blocstagram-Prefix.pch"; path = "Blocstagram/Blocstagram-Prefix.pch"; sourceTree = "<group>"; };
		13A228B21A037FDC00AA8C46 /* UserTests.m */ = {isa = PBXFileReference; fileEncoding = 4; lastKnownFileType = sourcecode.c.objc; path = UserTests.m; sourceTree = "<group>"; };
		13EF422519ED80DA001285AA /* Blocstagram.app */ = {isa = PBXFileReference; explicitFileType = wrapper.application; includeInIndex = 0; path = Blocstagram.app; sourceTree = BUILT_PRODUCTS_DIR; };
		13EF422919ED80DA001285AA /* Info.plist */ = {isa = PBXFileReference; lastKnownFileType = text.plist.xml; path = Info.plist; sourceTree = "<group>"; };
		13EF422A19ED80DA001285AA /* main.m */ = {isa = PBXFileReference; lastKnownFileType = sourcecode.c.objc; path = main.m; sourceTree = "<group>"; };
		13EF422C19ED80DA001285AA /* AppDelegate.h */ = {isa = PBXFileReference; lastKnownFileType = sourcecode.c.h; path = AppDelegate.h; sourceTree = "<group>"; };
		13EF422D19ED80DA001285AA /* AppDelegate.m */ = {isa = PBXFileReference; lastKnownFileType = sourcecode.c.objc; path = AppDelegate.m; sourceTree = "<group>"; };
		13EF422F19ED80DA001285AA /* ViewController.h */ = {isa = PBXFileReference; lastKnownFileType = sourcecode.c.h; path = ViewController.h; sourceTree = "<group>"; };
		13EF423019ED80DA001285AA /* ViewController.m */ = {isa = PBXFileReference; lastKnownFileType = sourcecode.c.objc; path = ViewController.m; sourceTree = "<group>"; };
		13EF423519ED80DA001285AA /* Images.xcassets */ = {isa = PBXFileReference; lastKnownFileType = folder.assetcatalog; path = Images.xcassets; sourceTree = "<group>"; };
		13EF423E19ED80DA001285AA /* BlocstagramTests.xctest */ = {isa = PBXFileReference; explicitFileType = wrapper.cfbundle; includeInIndex = 0; path = BlocstagramTests.xctest; sourceTree = BUILT_PRODUCTS_DIR; };
		13EF424319ED80DA001285AA /* Info.plist */ = {isa = PBXFileReference; lastKnownFileType = text.plist.xml; path = Info.plist; sourceTree = "<group>"; };
		13EF424419ED80DA001285AA /* BlocstagramTests.m */ = {isa = PBXFileReference; lastKnownFileType = sourcecode.c.objc; path = BlocstagramTests.m; sourceTree = "<group>"; };
		13EF424F19ED82D4001285AA /* 1.jpg */ = {isa = PBXFileReference; lastKnownFileType = image.jpeg; path = 1.jpg; sourceTree = "<group>"; };
		13EF425019ED82D4001285AA /* 2.jpg */ = {isa = PBXFileReference; lastKnownFileType = image.jpeg; path = 2.jpg; sourceTree = "<group>"; };
		13EF425119ED82D4001285AA /* 3.jpg */ = {isa = PBXFileReference; lastKnownFileType = image.jpeg; path = 3.jpg; sourceTree = "<group>"; };
		13EF425219ED82D4001285AA /* 4.jpg */ = {isa = PBXFileReference; lastKnownFileType = image.jpeg; path = 4.jpg; sourceTree = "<group>"; };
		13EF425319ED82D4001285AA /* 5.jpg */ = {isa = PBXFileReference; lastKnownFileType = image.jpeg; path = 5.jpg; sourceTree = "<group>"; };
		13EF425419ED82D4001285AA /* 6.jpg */ = {isa = PBXFileReference; lastKnownFileType = image.jpeg; path = 6.jpg; sourceTree = "<group>"; };
		13EF425519ED82D4001285AA /* 7.jpg */ = {isa = PBXFileReference; lastKnownFileType = image.jpeg; path = 7.jpg; sourceTree = "<group>"; };
		13EF425619ED82D4001285AA /* 8.jpg */ = {isa = PBXFileReference; lastKnownFileType = image.jpeg; path = 8.jpg; sourceTree = "<group>"; };
		13EF425719ED82D4001285AA /* 9.jpg */ = {isa = PBXFileReference; lastKnownFileType = image.jpeg; path = 9.jpg; sourceTree = "<group>"; };
		13EF425819ED82D4001285AA /* 10.jpg */ = {isa = PBXFileReference; lastKnownFileType = image.jpeg; path = 10.jpg; sourceTree = "<group>"; };
		13EF426319ED8310001285AA /* ImagesTableViewController.h */ = {isa = PBXFileReference; fileEncoding = 4; lastKnownFileType = sourcecode.c.h; path = ImagesTableViewController.h; sourceTree = "<group>"; };
		13EF426419ED8310001285AA /* ImagesTableViewController.m */ = {isa = PBXFileReference; fileEncoding = 4; lastKnownFileType = sourcecode.c.objc; path = ImagesTableViewController.m; sourceTree = "<group>"; };
		13F052F819F3911C0056940C /* User.h */ = {isa = PBXFileReference; fileEncoding = 4; lastKnownFileType = sourcecode.c.h; path = User.h; sourceTree = "<group>"; };
		13F052F919F3911C0056940C /* User.m */ = {isa = PBXFileReference; fileEncoding = 4; lastKnownFileType = sourcecode.c.objc; path = User.m; sourceTree = "<group>"; };
		13F052FB19F391F70056940C /* Media.h */ = {isa = PBXFileReference; fileEncoding = 4; lastKnownFileType = sourcecode.c.h; path = Media.h; sourceTree = "<group>"; };
		13F052FC19F391F70056940C /* Media.m */ = {isa = PBXFileReference; fileEncoding = 4; lastKnownFileType = sourcecode.c.objc; path = Media.m; sourceTree = "<group>"; };
		13F052FE19F393000056940C /* Comment.h */ = {isa = PBXFileReference; fileEncoding = 4; lastKnownFileType = sourcecode.c.h; path = Comment.h; sourceTree = "<group>"; };
		13F052FF19F393000056940C /* Comment.m */ = {isa = PBXFileReference; fileEncoding = 4; lastKnownFileType = sourcecode.c.objc; path = Comment.m; sourceTree = "<group>"; };
		13F0530119F393AD0056940C /* DataSource.h */ = {isa = PBXFileReference; fileEncoding = 4; lastKnownFileType = sourcecode.c.h; path = DataSource.h; sourceTree = "<group>"; };
		13F0530219F393AD0056940C /* DataSource.m */ = {isa = PBXFileReference; fileEncoding = 4; lastKnownFileType = sourcecode.c.objc; path = DataSource.m; sourceTree = "<group>"; };
		833A3AC9F2CEC4A51418B172 /* Pods.release.xcconfig */ = {isa = PBXFileReference; includeInIndex = 1; lastKnownFileType = text.xcconfig; name = Pods.release.xcconfig; path = "Pods/Target Support Files/Pods/Pods.release.xcconfig"; sourceTree = "<group>"; };
		948783B4648A329915F39C35 /* libPods.a */ = {isa = PBXFileReference; explicitFileType = archive.ar; includeInIndex = 0; path = libPods.a; sourceTree = BUILT_PRODUCTS_DIR; };
		BF778443FBE74CAAEABA58AA /* Pods.debug.xcconfig */ = {isa = PBXFileReference; includeInIndex = 1; lastKnownFileType = text.xcconfig; name = Pods.debug.xcconfig; path = "Pods/Target Support Files/Pods/Pods.debug.xcconfig"; sourceTree = "<group>"; };
/* End PBXFileReference section */

/* Begin PBXFrameworksBuildPhase section */
		13EF422219ED80DA001285AA /* Frameworks */ = {
			isa = PBXFrameworksBuildPhase;
			buildActionMask = 2147483647;
			files = (
				862C9AD87875283D9D06B124 /* libPods.a in Frameworks */,
			);
			runOnlyForDeploymentPostprocessing = 0;
		};
		13EF423B19ED80DA001285AA /* Frameworks */ = {
			isa = PBXFrameworksBuildPhase;
			buildActionMask = 2147483647;
			files = (
			);
			runOnlyForDeploymentPostprocessing = 0;
		};
/* End PBXFrameworksBuildPhase section */

/* Begin PBXGroup section */
		13EF421C19ED80DA001285AA = {
			isa = PBXGroup;
			children = (
				13A228B11A03569B00AA8C46 /* Blocstagram-Prefix.pch */,
				13A228AF1A0289B200AA8C46 /* Default-568h@2x.png */,
				13EF422719ED80DA001285AA /* Blocstagram */,
				13EF424119ED80DA001285AA /* BlocstagramTests */,
				13EF422619ED80DA001285AA /* Products */,
				938CF5D300D24AC8BAE10BEC /* Pods */,
				471167B60091DDF2E41A2170 /* Frameworks */,
			);
			sourceTree = "<group>";
		};
		13EF422619ED80DA001285AA /* Products */ = {
			isa = PBXGroup;
			children = (
				13EF422519ED80DA001285AA /* Blocstagram.app */,
				13EF423E19ED80DA001285AA /* BlocstagramTests.xctest */,
			);
			name = Products;
			sourceTree = "<group>";
		};
		13EF422719ED80DA001285AA /* Blocstagram */ = {
			isa = PBXGroup;
			children = (
				13EF422C19ED80DA001285AA /* AppDelegate.h */,
				13EF422D19ED80DA001285AA /* AppDelegate.m */,
				13213AF419F7712600D5BF4B /* LoginViewController.h */,
				13213AF519F7712600D5BF4B /* LoginViewController.m */,
				13EF426319ED8310001285AA /* ImagesTableViewController.h */,
				13EF426419ED8310001285AA /* ImagesTableViewController.m */,
				133254FA19F4BAB700617E5B /* MediaTableViewCell.h */,
				133254FB19F4BAB700617E5B /* MediaTableViewCell.m */,
				1359CBED19FA346F008350A1 /* MediaFullScreenViewController.h */,
				1359CBEE19FA346F008350A1 /* MediaFullScreenViewController.m */,
				13A228A31A02060600AA8C46 /* CropImageViewController.h */,
				13A228A41A02060600AA8C46 /* CropImageViewController.m */,
				13A228A61A022C4600AA8C46 /* ImageLibraryViewController.h */,
				13A228A71A022C4600AA8C46 /* ImageLibraryViewController.m */,
				1359CBF019FA4A57008350A1 /* MediaFullScreenAnimator.h */,
				1359CBF119FA4A57008350A1 /* MediaFullScreenAnimator.m */,
				13F0530119F393AD0056940C /* DataSource.h */,
				13F0530219F393AD0056940C /* DataSource.m */,
				13F052F819F3911C0056940C /* User.h */,
				13F052F919F3911C0056940C /* User.m */,
				13F052FB19F391F70056940C /* Media.h */,
				13F052FC19F391F70056940C /* Media.m */,
				13F052FE19F393000056940C /* Comment.h */,
				13F052FF19F393000056940C /* Comment.m */,
				1301F25119FE38000025FCCD /* CircleSpinnerView.h */,
				1301F25219FE38000025FCCD /* CircleSpinnerView.m */,
				13021E8319FEA7F80023FDC9 /* LikeButton.h */,
				13021E8419FEA7F80023FDC9 /* LikeButton.m */,
				1399424019FFC2A80031F194 /* ComposeCommentView.h */,
				1399424119FFC2A80031F194 /* ComposeCommentView.m */,
				139942431A00BE6A0031F194 /* CameraToolbar.h */,
				139942441A00BE6A0031F194 /* CameraToolbar.m */,
				139942461A00CDEE0031F194 /* CameraViewController.h */,
				139942471A00CDEE0031F194 /* CameraViewController.m */,
				139942491A014DFF0031F194 /* UIImage+ImageUtilities.h */,
				1399424A1A014DFF0031F194 /* UIImage+ImageUtilities.m */,
				13A228A01A02014C00AA8C46 /* CropBox.h */,
				13A228A11A02014C00AA8C46 /* CropBox.m */,
				13A228AC1A0267C400AA8C46 /* PostToInstagramViewController.h */,
				13A228AD1A0267C400AA8C46 /* PostToInstagramViewController.m */,
				13EF422F19ED80DA001285AA /* ViewController.h */,
				13EF423019ED80DA001285AA /* ViewController.m */,
				13EF424E19ED829E001285AA /* images */,
				13EF423519ED80DA001285AA /* Images.xcassets */,
				13EF422819ED80DA001285AA /* Supporting Files */,
			);
			path = Blocstagram;
			sourceTree = "<group>";
		};
		13EF422819ED80DA001285AA /* Supporting Files */ = {
			isa = PBXGroup;
			children = (
				13EF422919ED80DA001285AA /* Info.plist */,
				13EF422A19ED80DA001285AA /* main.m */,
			);
			name = "Supporting Files";
			sourceTree = "<group>";
		};
		13EF424119ED80DA001285AA /* BlocstagramTests */ = {
			isa = PBXGroup;
			children = (
				13EF424419ED80DA001285AA /* BlocstagramTests.m */,
				13A228B21A037FDC00AA8C46 /* UserTests.m */,
				13EF424219ED80DA001285AA /* Supporting Files */,
			);
			path = BlocstagramTests;
			sourceTree = "<group>";
		};
		13EF424219ED80DA001285AA /* Supporting Files */ = {
			isa = PBXGroup;
			children = (
				13EF424319ED80DA001285AA /* Info.plist */,
			);
			name = "Supporting Files";
			sourceTree = "<group>";
		};
		13EF424E19ED829E001285AA /* images */ = {
			isa = PBXGroup;
			children = (
				13EF424F19ED82D4001285AA /* 1.jpg */,
				13EF425019ED82D4001285AA /* 2.jpg */,
				13EF425119ED82D4001285AA /* 3.jpg */,
				13EF425219ED82D4001285AA /* 4.jpg */,
				13EF425319ED82D4001285AA /* 5.jpg */,
				13EF425419ED82D4001285AA /* 6.jpg */,
				13EF425519ED82D4001285AA /* 7.jpg */,
				13EF425619ED82D4001285AA /* 8.jpg */,
				13EF425719ED82D4001285AA /* 9.jpg */,
				13EF425819ED82D4001285AA /* 10.jpg */,
			);
			name = images;
			sourceTree = "<group>";
		};
		471167B60091DDF2E41A2170 /* Frameworks */ = {
			isa = PBXGroup;
			children = (
				948783B4648A329915F39C35 /* libPods.a */,
			);
			name = Frameworks;
			sourceTree = "<group>";
		};
		938CF5D300D24AC8BAE10BEC /* Pods */ = {
			isa = PBXGroup;
			children = (
				BF778443FBE74CAAEABA58AA /* Pods.debug.xcconfig */,
				833A3AC9F2CEC4A51418B172 /* Pods.release.xcconfig */,
			);
			name = Pods;
			sourceTree = "<group>";
		};
/* End PBXGroup section */

/* Begin PBXNativeTarget section */
		13EF422419ED80DA001285AA /* Blocstagram */ = {
			isa = PBXNativeTarget;
			buildConfigurationList = 13EF424819ED80DA001285AA /* Build configuration list for PBXNativeTarget "Blocstagram" */;
			buildPhases = (
				9D5F5227C2A1C11DA8B60A0B /* Check Pods Manifest.lock */,
				13EF422119ED80DA001285AA /* Sources */,
				13EF422219ED80DA001285AA /* Frameworks */,
				13EF422319ED80DA001285AA /* Resources */,
				CE0CEEBE460608B7B10F09CE /* Copy Pods Resources */,
			);
			buildRules = (
			);
			dependencies = (
			);
			name = Blocstagram;
			productName = Blocstagram;
			productReference = 13EF422519ED80DA001285AA /* Blocstagram.app */;
			productType = "com.apple.product-type.application";
		};
		13EF423D19ED80DA001285AA /* BlocstagramTests */ = {
			isa = PBXNativeTarget;
			buildConfigurationList = 13EF424B19ED80DA001285AA /* Build configuration list for PBXNativeTarget "BlocstagramTests" */;
			buildPhases = (
				13EF423A19ED80DA001285AA /* Sources */,
				13EF423B19ED80DA001285AA /* Frameworks */,
				13EF423C19ED80DA001285AA /* Resources */,
			);
			buildRules = (
			);
			dependencies = (
				13EF424019ED80DA001285AA /* PBXTargetDependency */,
			);
			name = BlocstagramTests;
			productName = BlocstagramTests;
			productReference = 13EF423E19ED80DA001285AA /* BlocstagramTests.xctest */;
			productType = "com.apple.product-type.bundle.unit-test";
		};
/* End PBXNativeTarget section */

/* Begin PBXProject section */
		13EF421D19ED80DA001285AA /* Project object */ = {
			isa = PBXProject;
			attributes = {
				LastUpgradeCheck = 0600;
				ORGANIZATIONNAME = Bloc;
				TargetAttributes = {
					13EF422419ED80DA001285AA = {
						CreatedOnToolsVersion = 6.0.1;
					};
					13EF423D19ED80DA001285AA = {
						CreatedOnToolsVersion = 6.0.1;
						TestTargetID = 13EF422419ED80DA001285AA;
					};
				};
			};
			buildConfigurationList = 13EF422019ED80DA001285AA /* Build configuration list for PBXProject "Blocstagram" */;
			compatibilityVersion = "Xcode 3.2";
			developmentRegion = English;
			hasScannedForEncodings = 0;
			knownRegions = (
				en,
				Base,
			);
			mainGroup = 13EF421C19ED80DA001285AA;
			productRefGroup = 13EF422619ED80DA001285AA /* Products */;
			projectDirPath = "";
			projectRoot = "";
			targets = (
				13EF422419ED80DA001285AA /* Blocstagram */,
				13EF423D19ED80DA001285AA /* BlocstagramTests */,
			);
		};
/* End PBXProject section */

/* Begin PBXResourcesBuildPhase section */
		13EF422319ED80DA001285AA /* Resources */ = {
			isa = PBXResourcesBuildPhase;
			buildActionMask = 2147483647;
			files = (
				13EF425E19ED82D4001285AA /* 6.jpg in Resources */,
				13EF425A19ED82D4001285AA /* 2.jpg in Resources */,
				13EF423619ED80DA001285AA /* Images.xcassets in Resources */,
				13EF426219ED82D4001285AA /* 10.jpg in Resources */,
				13EF426119ED82D4001285AA /* 9.jpg in Resources */,
				13A228B01A0289B200AA8C46 /* Default-568h@2x.png in Resources */,
				13EF426019ED82D4001285AA /* 8.jpg in Resources */,
				13EF425F19ED82D4001285AA /* 7.jpg in Resources */,
				13EF425919ED82D4001285AA /* 1.jpg in Resources */,
				13EF425D19ED82D4001285AA /* 5.jpg in Resources */,
				13EF425C19ED82D4001285AA /* 4.jpg in Resources */,
				13EF425B19ED82D4001285AA /* 3.jpg in Resources */,
			);
			runOnlyForDeploymentPostprocessing = 0;
		};
		13EF423C19ED80DA001285AA /* Resources */ = {
			isa = PBXResourcesBuildPhase;
			buildActionMask = 2147483647;
			files = (
			);
			runOnlyForDeploymentPostprocessing = 0;
		};
/* End PBXResourcesBuildPhase section */

/* Begin PBXShellScriptBuildPhase section */
		9D5F5227C2A1C11DA8B60A0B /* Check Pods Manifest.lock */ = {
			isa = PBXShellScriptBuildPhase;
			buildActionMask = 2147483647;
			files = (
			);
			inputPaths = (
			);
			name = "Check Pods Manifest.lock";
			outputPaths = (
			);
			runOnlyForDeploymentPostprocessing = 0;
			shellPath = /bin/sh;
			shellScript = "diff \"${PODS_ROOT}/../Podfile.lock\" \"${PODS_ROOT}/Manifest.lock\" > /dev/null\nif [[ $? != 0 ]] ; then\n    cat << EOM\nerror: The sandbox is not in sync with the Podfile.lock. Run 'pod install' or update your CocoaPods installation.\nEOM\n    exit 1\nfi\n";
			showEnvVarsInLog = 0;
		};
		CE0CEEBE460608B7B10F09CE /* Copy Pods Resources */ = {
			isa = PBXShellScriptBuildPhase;
			buildActionMask = 2147483647;
			files = (
			);
			inputPaths = (
			);
			name = "Copy Pods Resources";
			outputPaths = (
			);
			runOnlyForDeploymentPostprocessing = 0;
			shellPath = /bin/sh;
			shellScript = "\"${SRCROOT}/Pods/Target Support Files/Pods/Pods-resources.sh\"\n";
			showEnvVarsInLog = 0;
		};
/* End PBXShellScriptBuildPhase section */

/* Begin PBXSourcesBuildPhase section */
		13EF422119ED80DA001285AA /* Sources */ = {
			isa = PBXSourcesBuildPhase;
			buildActionMask = 2147483647;
			files = (
				13A228A81A022C4600AA8C46 /* ImageLibraryViewController.m in Sources */,
				13F0530019F393000056940C /* Comment.m in Sources */,
				13F052FD19F391F70056940C /* Media.m in Sources */,
				133254FC19F4BAB700617E5B /* MediaTableViewCell.m in Sources */,
				1399424219FFC2A80031F194 /* ComposeCommentView.m in Sources */,
				13F0530319F393AD0056940C /* DataSource.m in Sources */,
				13213AF619F7712600D5BF4B /* LoginViewController.m in Sources */,
				139942451A00BE6A0031F194 /* CameraToolbar.m in Sources */,
				13F052FA19F3911C0056940C /* User.m in Sources */,
				13EF423119ED80DA001285AA /* ViewController.m in Sources */,
				1359CBEF19FA346F008350A1 /* MediaFullScreenViewController.m in Sources */,
				139942481A00CDEE0031F194 /* CameraViewController.m in Sources */,
				13021E8519FEA7F80023FDC9 /* LikeButton.m in Sources */,
				1399424B1A014DFF0031F194 /* UIImage+ImageUtilities.m in Sources */,
				13EF422E19ED80DA001285AA /* AppDelegate.m in Sources */,
				13A228A51A02060600AA8C46 /* CropImageViewController.m in Sources */,
				13EF422B19ED80DA001285AA /* main.m in Sources */,
				1359CBF219FA4A57008350A1 /* MediaFullScreenAnimator.m in Sources */,
				13A228AE1A0267C400AA8C46 /* PostToInstagramViewController.m in Sources */,
				1301F25319FE38000025FCCD /* CircleSpinnerView.m in Sources */,
				13EF426519ED8310001285AA /* ImagesTableViewController.m in Sources */,
				13A228A21A02014C00AA8C46 /* CropBox.m in Sources */,
			);
			runOnlyForDeploymentPostprocessing = 0;
		};
		13EF423A19ED80DA001285AA /* Sources */ = {
			isa = PBXSourcesBuildPhase;
			buildActionMask = 2147483647;
			files = (
				13A228B31A037FDC00AA8C46 /* UserTests.m in Sources */,
				13EF424519ED80DA001285AA /* BlocstagramTests.m in Sources */,
			);
			runOnlyForDeploymentPostprocessing = 0;
		};
/* End PBXSourcesBuildPhase section */

/* Begin PBXTargetDependency section */
		13EF424019ED80DA001285AA /* PBXTargetDependency */ = {
			isa = PBXTargetDependency;
			target = 13EF422419ED80DA001285AA /* Blocstagram */;
			targetProxy = 13EF423F19ED80DA001285AA /* PBXContainerItemProxy */;
		};
/* End PBXTargetDependency section */

/* Begin XCBuildConfiguration section */
		13EF424619ED80DA001285AA /* Debug */ = {
			isa = XCBuildConfiguration;
			buildSettings = {
				ALWAYS_SEARCH_USER_PATHS = NO;
				CLANG_CXX_LANGUAGE_STANDARD = "gnu++0x";
				CLANG_CXX_LIBRARY = "libc++";
				CLANG_ENABLE_MODULES = YES;
				CLANG_ENABLE_OBJC_ARC = YES;
				CLANG_WARN_BOOL_CONVERSION = YES;
				CLANG_WARN_CONSTANT_CONVERSION = YES;
				CLANG_WARN_DIRECT_OBJC_ISA_USAGE = YES_ERROR;
				CLANG_WARN_EMPTY_BODY = YES;
				CLANG_WARN_ENUM_CONVERSION = YES;
				CLANG_WARN_INT_CONVERSION = YES;
				CLANG_WARN_OBJC_ROOT_CLASS = YES_ERROR;
				CLANG_WARN_UNREACHABLE_CODE = YES;
				CLANG_WARN__DUPLICATE_METHOD_MATCH = YES;
				"CODE_SIGN_IDENTITY[sdk=iphoneos*]" = "iPhone Developer";
				COPY_PHASE_STRIP = NO;
				ENABLE_STRICT_OBJC_MSGSEND = YES;
				GCC_C_LANGUAGE_STANDARD = gnu99;
				GCC_DYNAMIC_NO_PIC = NO;
				GCC_OPTIMIZATION_LEVEL = 0;
				GCC_PREPROCESSOR_DEFINITIONS = (
					"DEBUG=1",
					"$(inherited)",
				);
				GCC_SYMBOLS_PRIVATE_EXTERN = NO;
				GCC_WARN_64_TO_32_BIT_CONVERSION = YES;
				GCC_WARN_ABOUT_RETURN_TYPE = YES_ERROR;
				GCC_WARN_UNDECLARED_SELECTOR = YES;
				GCC_WARN_UNINITIALIZED_AUTOS = YES_AGGRESSIVE;
				GCC_WARN_UNUSED_FUNCTION = YES;
				GCC_WARN_UNUSED_VARIABLE = YES;
				IPHONEOS_DEPLOYMENT_TARGET = 8.0;
				MTL_ENABLE_DEBUG_INFO = YES;
				ONLY_ACTIVE_ARCH = YES;
				SDKROOT = iphoneos;
				TARGETED_DEVICE_FAMILY = "1,2";
			};
			name = Debug;
		};
		13EF424719ED80DA001285AA /* Release */ = {
			isa = XCBuildConfiguration;
			buildSettings = {
				ALWAYS_SEARCH_USER_PATHS = NO;
				CLANG_CXX_LANGUAGE_STANDARD = "gnu++0x";
				CLANG_CXX_LIBRARY = "libc++";
				CLANG_ENABLE_MODULES = YES;
				CLANG_ENABLE_OBJC_ARC = YES;
				CLANG_WARN_BOOL_CONVERSION = YES;
				CLANG_WARN_CONSTANT_CONVERSION = YES;
				CLANG_WARN_DIRECT_OBJC_ISA_USAGE = YES_ERROR;
				CLANG_WARN_EMPTY_BODY = YES;
				CLANG_WARN_ENUM_CONVERSION = YES;
				CLANG_WARN_INT_CONVERSION = YES;
				CLANG_WARN_OBJC_ROOT_CLASS = YES_ERROR;
				CLANG_WARN_UNREACHABLE_CODE = YES;
				CLANG_WARN__DUPLICATE_METHOD_MATCH = YES;
				"CODE_SIGN_IDENTITY[sdk=iphoneos*]" = "iPhone Developer";
				COPY_PHASE_STRIP = YES;
				ENABLE_NS_ASSERTIONS = NO;
				ENABLE_STRICT_OBJC_MSGSEND = YES;
				GCC_C_LANGUAGE_STANDARD = gnu99;
				GCC_WARN_64_TO_32_BIT_CONVERSION = YES;
				GCC_WARN_ABOUT_RETURN_TYPE = YES_ERROR;
				GCC_WARN_UNDECLARED_SELECTOR = YES;
				GCC_WARN_UNINITIALIZED_AUTOS = YES_AGGRESSIVE;
				GCC_WARN_UNUSED_FUNCTION = YES;
				GCC_WARN_UNUSED_VARIABLE = YES;
				IPHONEOS_DEPLOYMENT_TARGET = 8.0;
				MTL_ENABLE_DEBUG_INFO = NO;
				SDKROOT = iphoneos;
				TARGETED_DEVICE_FAMILY = "1,2";
				VALIDATE_PRODUCT = YES;
			};
			name = Release;
		};
		13EF424919ED80DA001285AA /* Debug */ = {
			isa = XCBuildConfiguration;
			baseConfigurationReference = BF778443FBE74CAAEABA58AA /* Pods.debug.xcconfig */;
			buildSettings = {
				ASSETCATALOG_COMPILER_APPICON_NAME = AppIcon;
				GCC_PRECOMPILE_PREFIX_HEADER = YES;
				GCC_PREFIX_HEADER = "Blocstagram/Blocstagram-Prefix.pch";
				INFOPLIST_FILE = Blocstagram/Info.plist;
				LD_RUNPATH_SEARCH_PATHS = "$(inherited) @executable_path/Frameworks";
				PRODUCT_NAME = "$(TARGET_NAME)";
			};
			name = Debug;
		};
		13EF424A19ED80DA001285AA /* Release */ = {
			isa = XCBuildConfiguration;
			baseConfigurationReference = 833A3AC9F2CEC4A51418B172 /* Pods.release.xcconfig */;
			buildSettings = {
				ASSETCATALOG_COMPILER_APPICON_NAME = AppIcon;
				GCC_PRECOMPILE_PREFIX_HEADER = YES;
				GCC_PREFIX_HEADER = "Blocstagram/Blocstagram-Prefix.pch";
				INFOPLIST_FILE = Blocstagram/Info.plist;
				LD_RUNPATH_SEARCH_PATHS = "$(inherited) @executable_path/Frameworks";
				PRODUCT_NAME = "$(TARGET_NAME)";
			};
			name = Release;
		};
		13EF424C19ED80DA001285AA /* Debug */ = {
			isa = XCBuildConfiguration;
			buildSettings = {
				BUNDLE_LOADER = "$(TEST_HOST)";
				FRAMEWORK_SEARCH_PATHS = (
					"$(SDKROOT)/Developer/Library/Frameworks",
					"$(inherited)",
				);
				GCC_PREPROCESSOR_DEFINITIONS = (
					"DEBUG=1",
					"$(inherited)",
				);
				INFOPLIST_FILE = BlocstagramTests/Info.plist;
				LD_RUNPATH_SEARCH_PATHS = "$(inherited) @executable_path/Frameworks @loader_path/Frameworks";
				PRODUCT_NAME = "$(TARGET_NAME)";
				TEST_HOST = "$(BUILT_PRODUCTS_DIR)/Blocstagram.app/Blocstagram";
			};
			name = Debug;
		};
		13EF424D19ED80DA001285AA /* Release */ = {
			isa = XCBuildConfiguration;
			buildSettings = {
				BUNDLE_LOADER = "$(TEST_HOST)";
				FRAMEWORK_SEARCH_PATHS = (
					"$(SDKROOT)/Developer/Library/Frameworks",
					"$(inherited)",
				);
				INFOPLIST_FILE = BlocstagramTests/Info.plist;
				LD_RUNPATH_SEARCH_PATHS = "$(inherited) @executable_path/Frameworks @loader_path/Frameworks";
				PRODUCT_NAME = "$(TARGET_NAME)";
				TEST_HOST = "$(BUILT_PRODUCTS_DIR)/Blocstagram.app/Blocstagram";
			};
			name = Release;
		};
/* End XCBuildConfiguration section */

/* Begin XCConfigurationList section */
		13EF422019ED80DA001285AA /* Build configuration list for PBXProject "Blocstagram" */ = {
			isa = XCConfigurationList;
			buildConfigurations = (
				13EF424619ED80DA001285AA /* Debug */,
				13EF424719ED80DA001285AA /* Release */,
			);
			defaultConfigurationIsVisible = 0;
			defaultConfigurationName = Release;
		};
		13EF424819ED80DA001285AA /* Build configuration list for PBXNativeTarget "Blocstagram" */ = {
			isa = XCConfigurationList;
			buildConfigurations = (
				13EF424919ED80DA001285AA /* Debug */,
				13EF424A19ED80DA001285AA /* Release */,
			);
			defaultConfigurationIsVisible = 0;
			defaultConfigurationName = Release;
		};
		13EF424B19ED80DA001285AA /* Build configuration list for PBXNativeTarget "BlocstagramTests" */ = {
			isa = XCConfigurationList;
			buildConfigurations = (
				13EF424C19ED80DA001285AA /* Debug */,
				13EF424D19ED80DA001285AA /* Release */,
			);
			defaultConfigurationIsVisible = 0;
			defaultConfigurationName = Release;
		};
/* End XCConfigurationList section */
	};
	rootObject = 13EF421D19ED80DA001285AA /* Project object */;
}
